// !$*UTF8*$!
{
	archiveVersion = 1;
	classes = {
	};
	objectVersion = 46;
	objects = {

/* Begin PBXBuildFile section */
		7CD86DCC1C508D9E00481081 /* main.m in Sources */ = {isa = PBXBuildFile; fileRef = 7CD86DCB1C508D9E00481081 /* main.m */; };
		7CD86DCF1C508D9E00481081 /* AppDelegate.m in Sources */ = {isa = PBXBuildFile; fileRef = 7CD86DCE1C508D9E00481081 /* AppDelegate.m */; };
		7CD86DD21C508D9E00481081 /* ViewController.m in Sources */ = {isa = PBXBuildFile; fileRef = 7CD86DD11C508D9E00481081 /* ViewController.m */; };
		7CD86DD51C508D9E00481081 /* Main.storyboard in Resources */ = {isa = PBXBuildFile; fileRef = 7CD86DD31C508D9E00481081 /* Main.storyboard */; };
		7CD86DD71C508D9E00481081 /* Assets.xcassets in Resources */ = {isa = PBXBuildFile; fileRef = 7CD86DD61C508D9E00481081 /* Assets.xcassets */; };
		7CD86DDA1C508D9E00481081 /* LaunchScreen.storyboard in Resources */ = {isa = PBXBuildFile; fileRef = 7CD86DD81C508D9E00481081 /* LaunchScreen.storyboard */; };
		7CD86DE51C508D9E00481081 /* TestReactivieCocaTests.m in Sources */ = {isa = PBXBuildFile; fileRef = 7CD86DE41C508D9E00481081 /* TestReactivieCocaTests.m */; };
		7CD86DF01C508D9E00481081 /* TestReactivieCocaUITests.m in Sources */ = {isa = PBXBuildFile; fileRef = 7CD86DEF1C508D9E00481081 /* TestReactivieCocaUITests.m */; };
		91FE7138F9E28E6FEEA5C32E /* libPods.a in Frameworks */ = {isa = PBXBuildFile; fileRef = 42A415C6A96D77CBDA2C9718 /* libPods.a */; };
/* End PBXBuildFile section */

/* Begin PBXContainerItemProxy section */
		7CD86DE11C508D9E00481081 /* PBXContainerItemProxy */ = {
			isa = PBXContainerItemProxy;
			containerPortal = 7CD86DBF1C508D9E00481081 /* Project object */;
			proxyType = 1;
			remoteGlobalIDString = 7CD86DC61C508D9E00481081;
			remoteInfo = TestReactivieCoca;
		};
		7CD86DEC1C508D9E00481081 /* PBXContainerItemProxy */ = {
			isa = PBXContainerItemProxy;
			containerPortal = 7CD86DBF1C508D9E00481081 /* Project object */;
			proxyType = 1;
			remoteGlobalIDString = 7CD86DC61C508D9E00481081;
			remoteInfo = TestReactivieCoca;
		};
/* End PBXContainerItemProxy section */

/* Begin PBXFileReference section */
		42A415C6A96D77CBDA2C9718 /* libPods.a */ = {isa = PBXFileReference; explicitFileType = archive.ar; includeInIndex = 0; path = libPods.a; sourceTree = BUILT_PRODUCTS_DIR; };
		7CD86DC71C508D9E00481081 /* TestReactivieCoca.app */ = {isa = PBXFileReference; explicitFileType = wrapper.application; includeInIndex = 0; path = TestReactivieCoca.app; sourceTree = BUILT_PRODUCTS_DIR; };
		7CD86DCB1C508D9E00481081 /* main.m */ = {isa = PBXFileReference; lastKnownFileType = sourcecode.c.objc; path = main.m; sourceTree = "<group>"; };
		7CD86DCD1C508D9E00481081 /* AppDelegate.h */ = {isa = PBXFileReference; lastKnownFileType = sourcecode.c.h; path = AppDelegate.h; sourceTree = "<group>"; };
		7CD86DCE1C508D9E00481081 /* AppDelegate.m */ = {isa = PBXFileReference; lastKnownFileType = sourcecode.c.objc; path = AppDelegate.m; sourceTree = "<group>"; };
		7CD86DD01C508D9E00481081 /* ViewController.h */ = {isa = PBXFileReference; lastKnownFileType = sourcecode.c.h; path = ViewController.h; sourceTree = "<group>"; };
		7CD86DD11C508D9E00481081 /* ViewController.m */ = {isa = PBXFileReference; lastKnownFileType = sourcecode.c.objc; path = ViewController.m; sourceTree = "<group>"; };
		7CD86DD41C508D9E00481081 /* Base */ = {isa = PBXFileReference; lastKnownFileType = file.storyboard; name = Base; path = Base.lproj/Main.storyboard; sourceTree = "<group>"; };
		7CD86DD61C508D9E00481081 /* Assets.xcassets */ = {isa = PBXFileReference; lastKnownFileType = folder.assetcatalog; path = Assets.xcassets; sourceTree = "<group>"; };
		7CD86DD91C508D9E00481081 /* Base */ = {isa = PBXFileReference; lastKnownFileType = file.storyboard; name = Base; path = Base.lproj/LaunchScreen.storyboard; sourceTree = "<group>"; };
		7CD86DDB1C508D9E00481081 /* Info.plist */ = {isa = PBXFileReference; lastKnownFileType = text.plist.xml; path = Info.plist; sourceTree = "<group>"; };
		7CD86DE01C508D9E00481081 /* TestReactivieCocaTests.xctest */ = {isa = PBXFileReference; explicitFileType = wrapper.cfbundle; includeInIndex = 0; path = TestReactivieCocaTests.xctest; sourceTree = BUILT_PRODUCTS_DIR; };
		7CD86DE41C508D9E00481081 /* TestReactivieCocaTests.m */ = {isa = PBXFileReference; lastKnownFileType = sourcecode.c.objc; path = TestReactivieCocaTests.m; sourceTree = "<group>"; };
		7CD86DE61C508D9E00481081 /* Info.plist */ = {isa = PBXFileReference; lastKnownFileType = text.plist.xml; path = Info.plist; sourceTree = "<group>"; };
		7CD86DEB1C508D9E00481081 /* TestReactivieCocaUITests.xctest */ = {isa = PBXFileReference; explicitFileType = wrapper.cfbundle; includeInIndex = 0; path = TestReactivieCocaUITests.xctest; sourceTree = BUILT_PRODUCTS_DIR; };
		7CD86DEF1C508D9E00481081 /* TestReactivieCocaUITests.m */ = {isa = PBXFileReference; lastKnownFileType = sourcecode.c.objc; path = TestReactivieCocaUITests.m; sourceTree = "<group>"; };
		7CD86DF11C508D9E00481081 /* Info.plist */ = {isa = PBXFileReference; lastKnownFileType = text.plist.xml; path = Info.plist; sourceTree = "<group>"; };
		AA8EA42BA87B1D7D9232CA2B /* Pods.release.xcconfig */ = {isa = PBXFileReference; includeInIndex = 1; lastKnownFileType = text.xcconfig; name = Pods.release.xcconfig; path = "Pods/Target Support Files/Pods/Pods.release.xcconfig"; sourceTree = "<group>"; };
		B8205F39FE1123C216046208 /* Pods.debug.xcconfig */ = {isa = PBXFileReference; includeInIndex = 1; lastKnownFileType = text.xcconfig; name = Pods.debug.xcconfig; path = "Pods/Target Support Files/Pods/Pods.debug.xcconfig"; sourceTree = "<group>"; };
/* End PBXFileReference section */

/* Begin PBXFrameworksBuildPhase section */
		7CD86DC41C508D9E00481081 /* Frameworks */ = {
			isa = PBXFrameworksBuildPhase;
			buildActionMask = 2147483647;
			files = (
				91FE7138F9E28E6FEEA5C32E /* libPods.a in Frameworks */,
			);
			runOnlyForDeploymentPostprocessing = 0;
		};
		7CD86DDD1C508D9E00481081 /* Frameworks */ = {
			isa = PBXFrameworksBuildPhase;
			buildActionMask = 2147483647;
			files = (
			);
			runOnlyForDeploymentPostprocessing = 0;
		};
		7CD86DE81C508D9E00481081 /* Frameworks */ = {
			isa = PBXFrameworksBuildPhase;
			buildActionMask = 2147483647;
			files = (
			);
			runOnlyForDeploymentPostprocessing = 0;
		};
/* End PBXFrameworksBuildPhase section */

/* Begin PBXGroup section */
		12A66EA0FA9CE32FBA76DE8A /* Frameworks */ = {
			isa = PBXGroup;
			children = (
				42A415C6A96D77CBDA2C9718 /* libPods.a */,
			);
			name = Frameworks;
			sourceTree = "<group>";
		};
		54DDA944196569BDDA74574F /* Pods */ = {
			isa = PBXGroup;
			children = (
				B8205F39FE1123C216046208 /* Pods.debug.xcconfig */,
				AA8EA42BA87B1D7D9232CA2B /* Pods.release.xcconfig */,
			);
			name = Pods;
			sourceTree = "<group>";
		};
		7CD86DBE1C508D9E00481081 = {
			isa = PBXGroup;
			children = (
				7CD86DC91C508D9E00481081 /* TestReactivieCoca */,
				7CD86DE31C508D9E00481081 /* TestReactivieCocaTests */,
				7CD86DEE1C508D9E00481081 /* TestReactivieCocaUITests */,
				7CD86DC81C508D9E00481081 /* Products */,
				54DDA944196569BDDA74574F /* Pods */,
				12A66EA0FA9CE32FBA76DE8A /* Frameworks */,
			);
			sourceTree = "<group>";
		};
		7CD86DC81C508D9E00481081 /* Products */ = {
			isa = PBXGroup;
			children = (
				7CD86DC71C508D9E00481081 /* TestReactivieCoca.app */,
				7CD86DE01C508D9E00481081 /* TestReactivieCocaTests.xctest */,
				7CD86DEB1C508D9E00481081 /* TestReactivieCocaUITests.xctest */,
			);
			name = Products;
			sourceTree = "<group>";
		};
		7CD86DC91C508D9E00481081 /* TestReactivieCoca */ = {
			isa = PBXGroup;
			children = (
				7CD86DCD1C508D9E00481081 /* AppDelegate.h */,
				7CD86DCE1C508D9E00481081 /* AppDelegate.m */,
				7CD86DD01C508D9E00481081 /* ViewController.h */,
				7CD86DD11C508D9E00481081 /* ViewController.m */,
				7CD86DD31C508D9E00481081 /* Main.storyboard */,
				7CD86DD61C508D9E00481081 /* Assets.xcassets */,
				7CD86DD81C508D9E00481081 /* LaunchScreen.storyboard */,
				7CD86DDB1C508D9E00481081 /* Info.plist */,
				7CD86DCA1C508D9E00481081 /* Supporting Files */,
			);
			path = TestReactivieCoca;
			sourceTree = "<group>";
		};
		7CD86DCA1C508D9E00481081 /* Supporting Files */ = {
			isa = PBXGroup;
			children = (
				7CD86DCB1C508D9E00481081 /* main.m */,
			);
			name = "Supporting Files";
			sourceTree = "<group>";
		};
		7CD86DE31C508D9E00481081 /* TestReactivieCocaTests */ = {
			isa = PBXGroup;
			children = (
				7CD86DE41C508D9E00481081 /* TestReactivieCocaTests.m */,
				7CD86DE61C508D9E00481081 /* Info.plist */,
			);
			path = TestReactivieCocaTests;
			sourceTree = "<group>";
		};
		7CD86DEE1C508D9E00481081 /* TestReactivieCocaUITests */ = {
			isa = PBXGroup;
			children = (
				7CD86DEF1C508D9E00481081 /* TestReactivieCocaUITests.m */,
				7CD86DF11C508D9E00481081 /* Info.plist */,
			);
			path = TestReactivieCocaUITests;
			sourceTree = "<group>";
		};
/* End PBXGroup section */

/* Begin PBXNativeTarget section */
		7CD86DC61C508D9E00481081 /* TestReactivieCoca */ = {
			isa = PBXNativeTarget;
			buildConfigurationList = 7CD86DF41C508D9E00481081 /* Build configuration list for PBXNativeTarget "TestReactivieCoca" */;
			buildPhases = (
				2A4E9AD21932E807ADB73B57 /* Check Pods Manifest.lock */,
				7CD86DC31C508D9E00481081 /* Sources */,
				7CD86DC41C508D9E00481081 /* Frameworks */,
				7CD86DC51C508D9E00481081 /* Resources */,
				61626CA159F5536861244B1F /* Embed Pods Frameworks */,
				6BE62E2CA72C4CECD6E0AA8F /* Copy Pods Resources */,
			);
			buildRules = (
			);
			dependencies = (
			);
			name = TestReactivieCoca;
			productName = TestReactivieCoca;
			productReference = 7CD86DC71C508D9E00481081 /* TestReactivieCoca.app */;
			productType = "com.apple.product-type.application";
		};
		7CD86DDF1C508D9E00481081 /* TestReactivieCocaTests */ = {
			isa = PBXNativeTarget;
			buildConfigurationList = 7CD86DF71C508D9E00481081 /* Build configuration list for PBXNativeTarget "TestReactivieCocaTests" */;
			buildPhases = (
				7CD86DDC1C508D9E00481081 /* Sources */,
				7CD86DDD1C508D9E00481081 /* Frameworks */,
				7CD86DDE1C508D9E00481081 /* Resources */,
			);
			buildRules = (
			);
			dependencies = (
				7CD86DE21C508D9E00481081 /* PBXTargetDependency */,
			);
			name = TestReactivieCocaTests;
			productName = TestReactivieCocaTests;
			productReference = 7CD86DE01C508D9E00481081 /* TestReactivieCocaTests.xctest */;
			productType = "com.apple.product-type.bundle.unit-test";
		};
		7CD86DEA1C508D9E00481081 /* TestReactivieCocaUITests */ = {
			isa = PBXNativeTarget;
			buildConfigurationList = 7CD86DFA1C508D9E00481081 /* Build configuration list for PBXNativeTarget "TestReactivieCocaUITests" */;
			buildPhases = (
				7CD86DE71C508D9E00481081 /* Sources */,
				7CD86DE81C508D9E00481081 /* Frameworks */,
				7CD86DE91C508D9E00481081 /* Resources */,
			);
			buildRules = (
			);
			dependencies = (
				7CD86DED1C508D9E00481081 /* PBXTargetDependency */,
			);
			name = TestReactivieCocaUITests;
			productName = TestReactivieCocaUITests;
			productReference = 7CD86DEB1C508D9E00481081 /* TestReactivieCocaUITests.xctest */;
			productType = "com.apple.product-type.bundle.ui-testing";
		};
/* End PBXNativeTarget section */

/* Begin PBXProject section */
		7CD86DBF1C508D9E00481081 /* Project object */ = {
			isa = PBXProject;
			attributes = {
				LastUpgradeCheck = 0720;
				ORGANIZATIONNAME = oneyd.me;
				TargetAttributes = {
					7CD86DC61C508D9E00481081 = {
						CreatedOnToolsVersion = 7.2;
					};
					7CD86DDF1C508D9E00481081 = {
						CreatedOnToolsVersion = 7.2;
						TestTargetID = 7CD86DC61C508D9E00481081;
					};
					7CD86DEA1C508D9E00481081 = {
						CreatedOnToolsVersion = 7.2;
						TestTargetID = 7CD86DC61C508D9E00481081;
					};
				};
			};
			buildConfigurationList = 7CD86DC21C508D9E00481081 /* Build configuration list for PBXProject "TestReactivieCoca" */;
			compatibilityVersion = "Xcode 3.2";
			developmentRegion = English;
			hasScannedForEncodings = 0;
			knownRegions = (
				en,
				Base,
			);
			mainGroup = 7CD86DBE1C508D9E00481081;
			productRefGroup = 7CD86DC81C508D9E00481081 /* Products */;
			projectDirPath = "";
			projectRoot = "";
			targets = (
				7CD86DC61C508D9E00481081 /* TestReactivieCoca */,
				7CD86DDF1C508D9E00481081 /* TestReactivieCocaTests */,
				7CD86DEA1C508D9E00481081 /* TestReactivieCocaUITests */,
			);
		};
/* End PBXProject section */

/* Begin PBXResourcesBuildPhase section */
		7CD86DC51C508D9E00481081 /* Resources */ = {
			isa = PBXResourcesBuildPhase;
			buildActionMask = 2147483647;
			files = (
				7CD86DDA1C508D9E00481081 /* LaunchScreen.storyboard in Resources */,
				7CD86DD71C508D9E00481081 /* Assets.xcassets in Resources */,
				7CD86DD51C508D9E00481081 /* Main.storyboard in Resources */,
			);
			runOnlyForDeploymentPostprocessing = 0;
		};
		7CD86DDE1C508D9E00481081 /* Resources */ = {
			isa = PBXResourcesBuildPhase;
			buildActionMask = 2147483647;
			files = (
			);
			runOnlyForDeploymentPostprocessing = 0;
		};
		7CD86DE91C508D9E00481081 /* Resources */ = {
			isa = PBXResourcesBuildPhase;
			buildActionMask = 2147483647;
			files = (
			);
			runOnlyForDeploymentPostprocessing = 0;
		};
/* End PBXResourcesBuildPhase section */

/* Begin PBXShellScriptBuildPhase section */
		2A4E9AD21932E807ADB73B57 /* Check Pods Manifest.lock */ = {
			isa = PBXShellScriptBuildPhase;
			buildActionMask = 2147483647;
			files = (
			);
			inputPaths = (
			);
			name = "Check Pods Manifest.lock";
			outputPaths = (
			);
			runOnlyForDeploymentPostprocessing = 0;
			shellPath = /bin/sh;
			shellScript = "diff \"${PODS_ROOT}/../Podfile.lock\" \"${PODS_ROOT}/Manifest.lock\" > /dev/null\nif [[ $? != 0 ]] ; then\n    cat << EOM\nerror: The sandbox is not in sync with the Podfile.lock. Run 'pod install' or update your CocoaPods installation.\nEOM\n    exit 1\nfi\n";
			showEnvVarsInLog = 0;
		};
		61626CA159F5536861244B1F /* Embed Pods Frameworks */ = {
			isa = PBXShellScriptBuildPhase;
			buildActionMask = 2147483647;
			files = (
			);
			inputPaths = (
			);
			name = "Embed Pods Frameworks";
			outputPaths = (
			);
			runOnlyForDeploymentPostprocessing = 0;
			shellPath = /bin/sh;
			shellScript = "\"${SRCROOT}/Pods/Target Support Files/Pods/Pods-frameworks.sh\"\n";
			showEnvVarsInLog = 0;
		};
		6BE62E2CA72C4CECD6E0AA8F /* Copy Pods Resources */ = {
			isa = PBXShellScriptBuildPhase;
			buildActionMask = 2147483647;
			files = (
			);
			inputPaths = (
			);
			name = "Copy Pods Resources";
			outputPaths = (
			);
			runOnlyForDeploymentPostprocessing = 0;
			shellPath = /bin/sh;
			shellScript = "\"${SRCROOT}/Pods/Target Support Files/Pods/Pods-resources.sh\"\n";
			showEnvVarsInLog = 0;
		};
/* End PBXShellScriptBuildPhase section */

/* Begin PBXSourcesBuildPhase section */
		7CD86DC31C508D9E00481081 /* Sources */ = {
			isa = PBXSourcesBuildPhase;
			buildActionMask = 2147483647;
			files = (
				7CD86DD21C508D9E00481081 /* ViewController.m in Sources */,
				7CD86DCF1C508D9E00481081 /* AppDelegate.m in Sources */,
				7CD86DCC1C508D9E00481081 /* main.m in Sources */,
			);
			runOnlyForDeploymentPostprocessing = 0;
		};
		7CD86DDC1C508D9E00481081 /* Sources */ = {
			isa = PBXSourcesBuildPhase;
			buildActionMask = 2147483647;
			files = (
				7CD86DE51C508D9E00481081 /* TestReactivieCocaTests.m in Sources */,
			);
			runOnlyForDeploymentPostprocessing = 0;
		};
		7CD86DE71C508D9E00481081 /* Sources */ = {
			isa = PBXSourcesBuildPhase;
			buildActionMask = 2147483647;
			files = (
				7CD86DF01C508D9E00481081 /* TestReactivieCocaUITests.m in Sources */,
			);
			runOnlyForDeploymentPostprocessing = 0;
		};
/* End PBXSourcesBuildPhase section */

/* Begin PBXTargetDependency section */
		7CD86DE21C508D9E00481081 /* PBXTargetDependency */ = {
			isa = PBXTargetDependency;
			target = 7CD86DC61C508D9E00481081 /* TestReactivieCoca */;
			targetProxy = 7CD86DE11C508D9E00481081 /* PBXContainerItemProxy */;
		};
		7CD86DED1C508D9E00481081 /* PBXTargetDependency */ = {
			isa = PBXTargetDependency;
			target = 7CD86DC61C508D9E00481081 /* TestReactivieCoca */;
			targetProxy = 7CD86DEC1C508D9E00481081 /* PBXContainerItemProxy */;
		};
/* End PBXTargetDependency section */

/* Begin PBXVariantGroup section */
		7CD86DD31C508D9E00481081 /* Main.storyboard */ = {
			isa = PBXVariantGroup;
			children = (
				7CD86DD41C508D9E00481081 /* Base */,
			);
			name = Main.storyboard;
			sourceTree = "<group>";
		};
		7CD86DD81C508D9E00481081 /* LaunchScreen.storyboard */ = {
			isa = PBXVariantGroup;
			children = (
				7CD86DD91C508D9E00481081 /* Base */,
			);
			name = LaunchScreen.storyboard;
			sourceTree = "<group>";
		};
/* End PBXVariantGroup section */

/* Begin XCBuildConfiguration section */
		7CD86DF21C508D9E00481081 /* Debug */ = {
			isa = XCBuildConfiguration;
			buildSettings = {
				ALWAYS_SEARCH_USER_PATHS = NO;
				CLANG_CXX_LANGUAGE_STANDARD = "gnu++0x";
				CLANG_CXX_LIBRARY = "libc++";
				CLANG_ENABLE_MODULES = YES;
				CLANG_ENABLE_OBJC_ARC = YES;
				CLANG_WARN_BOOL_CONVERSION = YES;
				CLANG_WARN_CONSTANT_CONVERSION = YES;
				CLANG_WARN_DIRECT_OBJC_ISA_USAGE = YES_ERROR;
				CLANG_WARN_EMPTY_BODY = YES;
				CLANG_WARN_ENUM_CONVERSION = YES;
				CLANG_WARN_INT_CONVERSION = YES;
				CLANG_WARN_OBJC_ROOT_CLASS = YES_ERROR;
				CLANG_WARN_UNREACHABLE_CODE = YES;
				CLANG_WARN__DUPLICATE_METHOD_MATCH = YES;
				"CODE_SIGN_IDENTITY[sdk=iphoneos*]" = "iPhone Developer";
				COPY_PHASE_STRIP = NO;
				DEBUG_INFORMATION_FORMAT = dwarf;
				ENABLE_STRICT_OBJC_MSGSEND = YES;
				ENABLE_TESTABILITY = YES;
				GCC_C_LANGUAGE_STANDARD = gnu99;
				GCC_DYNAMIC_NO_PIC = NO;
				GCC_NO_COMMON_BLOCKS = YES;
				GCC_OPTIMIZATION_LEVEL = 0;
				GCC_PREPROCESSOR_DEFINITIONS = (
					"DEBUG=1",
					"$(inherited)",
				);
				GCC_WARN_64_TO_32_BIT_CONVERSION = YES;
				GCC_WARN_ABOUT_RETURN_TYPE = YES_ERROR;
				GCC_WARN_UNDECLARED_SELECTOR = YES;
				GCC_WARN_UNINITIALIZED_AUTOS = YES_AGGRESSIVE;
				GCC_WARN_UNUSED_FUNCTION = YES;
				GCC_WARN_UNUSED_VARIABLE = YES;
				IPHONEOS_DEPLOYMENT_TARGET = 9.2;
				MTL_ENABLE_DEBUG_INFO = YES;
				ONLY_ACTIVE_ARCH = YES;
				SDKROOT = iphoneos;
				TARGETED_DEVICE_FAMILY = "1,2";
			};
			name = Debug;
		};
		7CD86DF31C508D9E00481081 /* Release */ = {
			isa = XCBuildConfiguration;
			buildSettings = {
				ALWAYS_SEARCH_USER_PATHS = NO;
				CLANG_CXX_LANGUAGE_STANDARD = "gnu++0x";
				CLANG_CXX_LIBRARY = "libc++";
				CLANG_ENABLE_MODULES = YES;
				CLANG_ENABLE_OBJC_ARC = YES;
				CLANG_WARN_BOOL_CONVERSION = YES;
				CLANG_WARN_CONSTANT_CONVERSION = YES;
				CLANG_WARN_DIRECT_OBJC_ISA_USAGE = YES_ERROR;
				CLANG_WARN_EMPTY_BODY = YES;
				CLANG_WARN_ENUM_CONVERSION = YES;
				CLANG_WARN_INT_CONVERSION = YES;
				CLANG_WARN_OBJC_ROOT_CLASS = YES_ERROR;
				CLANG_WARN_UNREACHABLE_CODE = YES;
				CLANG_WARN__DUPLICATE_METHOD_MATCH = YES;
				"CODE_SIGN_IDENTITY[sdk=iphoneos*]" = "iPhone Developer";
				COPY_PHASE_STRIP = NO;
				DEBUG_INFORMATION_FORMAT = "dwarf-with-dsym";
				ENABLE_NS_ASSERTIONS = NO;
				ENABLE_STRICT_OBJC_MSGSEND = YES;
				GCC_C_LANGUAGE_STANDARD = gnu99;
				GCC_NO_COMMON_BLOCKS = YES;
				GCC_WARN_64_TO_32_BIT_CONVERSION = YES;
				GCC_WARN_ABOUT_RETURN_TYPE = YES_ERROR;
				GCC_WARN_UNDECLARED_SELECTOR = YES;
				GCC_WARN_UNINITIALIZED_AUTOS = YES_AGGRESSIVE;
				GCC_WARN_UNUSED_FUNCTION = YES;
				GCC_WARN_UNUSED_VARIABLE = YES;
				IPHONEOS_DEPLOYMENT_TARGET = 9.2;
				MTL_ENABLE_DEBUG_INFO = NO;
				SDKROOT = iphoneos;
				TARGETED_DEVICE_FAMILY = "1,2";
				VALIDATE_PRODUCT = YES;
			};
			name = Release;
		};
		7CD86DF51C508D9E00481081 /* Debug */ = {
			isa = XCBuildConfiguration;
			baseConfigurationReference = B8205F39FE1123C216046208 /* Pods.debug.xcconfig */;
			buildSettings = {
				ASSETCATALOG_COMPILER_APPICON_NAME = AppIcon;
				INFOPLIST_FILE = TestReactivieCoca/Info.plist;
				LD_RUNPATH_SEARCH_PATHS = "$(inherited) @executable_path/Frameworks";
				PRODUCT_BUNDLE_IDENTIFIER = oneyd.me.TestReactivieCoca;
				PRODUCT_NAME = "$(TARGET_NAME)";
			};
			name = Debug;
		};
		7CD86DF61C508D9E00481081 /* Release */ = {
			isa = XCBuildConfiguration;
			baseConfigurationReference = AA8EA42BA87B1D7D9232CA2B /* Pods.release.xcconfig */;
			buildSettings = {
				ASSETCATALOG_COMPILER_APPICON_NAME = AppIcon;
				INFOPLIST_FILE = TestReactivieCoca/Info.plist;
				LD_RUNPATH_SEARCH_PATHS = "$(inherited) @executable_path/Frameworks";
				PRODUCT_BUNDLE_IDENTIFIER = oneyd.me.TestReactivieCoca;
				PRODUCT_NAME = "$(TARGET_NAME)";
			};
			name = Release;
		};
		7CD86DF81C508D9E00481081 /* Debug */ = {
			isa = XCBuildConfiguration;
			buildSettings = {
				BUNDLE_LOADER = "$(TEST_HOST)";
				INFOPLIST_FILE = TestReactivieCocaTests/Info.plist;
				LD_RUNPATH_SEARCH_PATHS = "$(inherited) @executable_path/Frameworks @loader_path/Frameworks";
				PRODUCT_BUNDLE_IDENTIFIER = oneyd.me.TestReactivieCocaTests;
				PRODUCT_NAME = "$(TARGET_NAME)";
				TEST_HOST = "$(BUILT_PRODUCTS_DIR)/TestReactivieCoca.app/TestReactivieCoca";
			};
			name = Debug;
		};
		7CD86DF91C508D9E00481081 /* Release */ = {
			isa = XCBuildConfiguration;
			buildSettings = {
				BUNDLE_LOADER = "$(TEST_HOST)";
				INFOPLIST_FILE = TestReactivieCocaTests/Info.plist;
				LD_RUNPATH_SEARCH_PATHS = "$(inherited) @executable_path/Frameworks @loader_path/Frameworks";
				PRODUCT_BUNDLE_IDENTIFIER = oneyd.me.TestReactivieCocaTests;
				PRODUCT_NAME = "$(TARGET_NAME)";
				TEST_HOST = "$(BUILT_PRODUCTS_DIR)/TestReactivieCoca.app/TestReactivieCoca";
			};
			name = Release;
		};
		7CD86DFB1C508D9E00481081 /* Debug */ = {
			isa = XCBuildConfiguration;
			buildSettings = {
				INFOPLIST_FILE = TestReactivieCocaUITests/Info.plist;
				LD_RUNPATH_SEARCH_PATHS = "$(inherited) @executable_path/Frameworks @loader_path/Frameworks";
				PRODUCT_BUNDLE_IDENTIFIER = oneyd.me.TestReactivieCocaUITests;
				PRODUCT_NAME = "$(TARGET_NAME)";
				TEST_TARGET_NAME = TestReactivieCoca;
				USES_XCTRUNNER = YES;
			};
			name = Debug;
		};
		7CD86DFC1C508D9E00481081 /* Release */ = {
			isa = XCBuildConfiguration;
			buildSettings = {
				INFOPLIST_FILE = TestReactivieCocaUITests/Info.plist;
				LD_RUNPATH_SEARCH_PATHS = "$(inherited) @executable_path/Frameworks @loader_path/Frameworks";
				PRODUCT_BUNDLE_IDENTIFIER = oneyd.me.TestReactivieCocaUITests;
				PRODUCT_NAME = "$(TARGET_NAME)";
				TEST_TARGET_NAME = TestReactivieCoca;
				USES_XCTRUNNER = YES;
			};
			name = Release;
		};
/* End XCBuildConfiguration section */

/* Begin XCConfigurationList section */
		7CD86DC21C508D9E00481081 /* Build configuration list for PBXProject "TestReactivieCoca" */ = {
			isa = XCConfigurationList;
			buildConfigurations = (
				7CD86DF21C508D9E00481081 /* Debug */,
				7CD86DF31C508D9E00481081 /* Release */,
			);
			defaultConfigurationIsVisible = 0;
			defaultConfigurationName = Release;
		};
		7CD86DF41C508D9E00481081 /* Build configuration list for PBXNativeTarget "TestReactivieCoca" */ = {
			isa = XCConfigurationList;
			buildConfigurations = (
				7CD86DF51C508D9E00481081 /* Debug */,
				7CD86DF61C508D9E00481081 /* Release */,
			);
			defaultConfigurationIsVisible = 0;
			defaultConfigurationName = Release;
		};
		7CD86DF71C508D9E00481081 /* Build configuration list for PBXNativeTarget "TestReactivieCocaTests" */ = {
			isa = XCConfigurationList;
			buildConfigurations = (
				7CD86DF81C508D9E00481081 /* Debug */,
				7CD86DF91C508D9E00481081 /* Release */,
			);
			defaultConfigurationIsVisible = 0;
			defaultConfigurationName = Release;
		};
		7CD86DFA1C508D9E00481081 /* Build configuration list for PBXNativeTarget "TestReactivieCocaUITests" */ = {
			isa = XCConfigurationList;
			buildConfigurations = (
				7CD86DFB1C508D9E00481081 /* Debug */,
				7CD86DFC1C508D9E00481081 /* Release */,
			);
			defaultConfigurationIsVisible = 0;
			defaultConfigurationName = Release;
		};
/* End XCConfigurationList section */
	};
	rootObject = 7CD86DBF1C508D9E00481081 /* Project object */;
}
