// !$*UTF8*$!
{
	archiveVersion = 1;
	classes = {
	};
	objectVersion = 46;
	objects = {

/* Begin PBXBuildFile section */
		7C06A3B41C8E6A2F0089726C /* main.m in Sources */ = {isa = PBXBuildFile; fileRef = 7C06A3B31C8E6A2F0089726C /* main.m */; };
		7C06A3B71C8E6A2F0089726C /* AppDelegate.m in Sources */ = {isa = PBXBuildFile; fileRef = 7C06A3B61C8E6A2F0089726C /* AppDelegate.m */; };
		7C06A3BA1C8E6A2F0089726C /* ViewController.m in Sources */ = {isa = PBXBuildFile; fileRef = 7C06A3B91C8E6A2F0089726C /* ViewController.m */; };
		7C06A3BD1C8E6A2F0089726C /* Main.storyboard in Resources */ = {isa = PBXBuildFile; fileRef = 7C06A3BB1C8E6A2F0089726C /* Main.storyboard */; };
		7C06A3BF1C8E6A2F0089726C /* Assets.xcassets in Resources */ = {isa = PBXBuildFile; fileRef = 7C06A3BE1C8E6A2F0089726C /* Assets.xcassets */; };
		7C06A3C21C8E6A2F0089726C /* LaunchScreen.storyboard in Resources */ = {isa = PBXBuildFile; fileRef = 7C06A3C01C8E6A2F0089726C /* LaunchScreen.storyboard */; };
		7C06A3CD1C8E6A2F0089726C /* UIKit_UIWebViewTests.m in Sources */ = {isa = PBXBuildFile; fileRef = 7C06A3CC1C8E6A2F0089726C /* UIKit_UIWebViewTests.m */; };
		7C06A3D81C8E6A2F0089726C /* UIKit_UIWebViewUITests.m in Sources */ = {isa = PBXBuildFile; fileRef = 7C06A3D71C8E6A2F0089726C /* UIKit_UIWebViewUITests.m */; };
		7C06A3E71C8E7CA50089726C /* 2.html in Resources */ = {isa = PBXBuildFile; fileRef = 7C06A3E51C8E7CA50089726C /* 2.html */; };
		7C06A3E81C8E7CA50089726C /* 3.js in Resources */ = {isa = PBXBuildFile; fileRef = 7C06A3E61C8E7CA50089726C /* 3.js */; };
		7C06A3EB1C8E7F170089726C /* OCLoadJS.m in Sources */ = {isa = PBXBuildFile; fileRef = 7C06A3EA1C8E7F170089726C /* OCLoadJS.m */; };
		7C06A3EE1C8E7F270089726C /* JSLoadOC.m in Sources */ = {isa = PBXBuildFile; fileRef = 7C06A3ED1C8E7F270089726C /* JSLoadOC.m */; };
		7C06A3F21C8E99F80089726C /* JavaScriptCore.framework in Frameworks */ = {isa = PBXBuildFile; fileRef = 7C06A3F11C8E99F80089726C /* JavaScriptCore.framework */; };
		7C06A3F81C8E9CDC0089726C /* JSObject.m in Sources */ = {isa = PBXBuildFile; fileRef = 7C06A3F71C8E9CDC0089726C /* JSObject.m */; };
/* End PBXBuildFile section */

/* Begin PBXContainerItemProxy section */
		7C06A3C91C8E6A2F0089726C /* PBXContainerItemProxy */ = {
			isa = PBXContainerItemProxy;
			containerPortal = 7C06A3A71C8E6A2F0089726C /* Project object */;
			proxyType = 1;
			remoteGlobalIDString = 7C06A3AE1C8E6A2F0089726C;
			remoteInfo = UIKit_UIWebView;
		};
		7C06A3D41C8E6A2F0089726C /* PBXContainerItemProxy */ = {
			isa = PBXContainerItemProxy;
			containerPortal = 7C06A3A71C8E6A2F0089726C /* Project object */;
			proxyType = 1;
			remoteGlobalIDString = 7C06A3AE1C8E6A2F0089726C;
			remoteInfo = UIKit_UIWebView;
		};
/* End PBXContainerItemProxy section */

/* Begin PBXFileReference section */
		7C06A3AF1C8E6A2F0089726C /* UIKit_UIWebView.app */ = {isa = PBXFileReference; explicitFileType = wrapper.application; includeInIndex = 0; path = UIKit_UIWebView.app; sourceTree = BUILT_PRODUCTS_DIR; };
		7C06A3B31C8E6A2F0089726C /* main.m */ = {isa = PBXFileReference; lastKnownFileType = sourcecode.c.objc; path = main.m; sourceTree = "<group>"; };
		7C06A3B51C8E6A2F0089726C /* AppDelegate.h */ = {isa = PBXFileReference; lastKnownFileType = sourcecode.c.h; path = AppDelegate.h; sourceTree = "<group>"; };
		7C06A3B61C8E6A2F0089726C /* AppDelegate.m */ = {isa = PBXFileReference; lastKnownFileType = sourcecode.c.objc; path = AppDelegate.m; sourceTree = "<group>"; };
		7C06A3B81C8E6A2F0089726C /* ViewController.h */ = {isa = PBXFileReference; lastKnownFileType = sourcecode.c.h; path = ViewController.h; sourceTree = "<group>"; };
		7C06A3B91C8E6A2F0089726C /* ViewController.m */ = {isa = PBXFileReference; lastKnownFileType = sourcecode.c.objc; path = ViewController.m; sourceTree = "<group>"; };
		7C06A3BC1C8E6A2F0089726C /* Base */ = {isa = PBXFileReference; lastKnownFileType = file.storyboard; name = Base; path = Base.lproj/Main.storyboard; sourceTree = "<group>"; };
		7C06A3BE1C8E6A2F0089726C /* Assets.xcassets */ = {isa = PBXFileReference; lastKnownFileType = folder.assetcatalog; path = Assets.xcassets; sourceTree = "<group>"; };
		7C06A3C11C8E6A2F0089726C /* Base */ = {isa = PBXFileReference; lastKnownFileType = file.storyboard; name = Base; path = Base.lproj/LaunchScreen.storyboard; sourceTree = "<group>"; };
		7C06A3C31C8E6A2F0089726C /* Info.plist */ = {isa = PBXFileReference; lastKnownFileType = text.plist.xml; path = Info.plist; sourceTree = "<group>"; };
		7C06A3C81C8E6A2F0089726C /* UIKit_UIWebViewTests.xctest */ = {isa = PBXFileReference; explicitFileType = wrapper.cfbundle; includeInIndex = 0; path = UIKit_UIWebViewTests.xctest; sourceTree = BUILT_PRODUCTS_DIR; };
		7C06A3CC1C8E6A2F0089726C /* UIKit_UIWebViewTests.m */ = {isa = PBXFileReference; lastKnownFileType = sourcecode.c.objc; path = UIKit_UIWebViewTests.m; sourceTree = "<group>"; };
		7C06A3CE1C8E6A2F0089726C /* Info.plist */ = {isa = PBXFileReference; lastKnownFileType = text.plist.xml; path = Info.plist; sourceTree = "<group>"; };
		7C06A3D31C8E6A2F0089726C /* UIKit_UIWebViewUITests.xctest */ = {isa = PBXFileReference; explicitFileType = wrapper.cfbundle; includeInIndex = 0; path = UIKit_UIWebViewUITests.xctest; sourceTree = BUILT_PRODUCTS_DIR; };
		7C06A3D71C8E6A2F0089726C /* UIKit_UIWebViewUITests.m */ = {isa = PBXFileReference; lastKnownFileType = sourcecode.c.objc; path = UIKit_UIWebViewUITests.m; sourceTree = "<group>"; };
		7C06A3D91C8E6A2F0089726C /* Info.plist */ = {isa = PBXFileReference; lastKnownFileType = text.plist.xml; path = Info.plist; sourceTree = "<group>"; };
		7C06A3E51C8E7CA50089726C /* 2.html */ = {isa = PBXFileReference; fileEncoding = 4; lastKnownFileType = text.html; path = 2.html; sourceTree = "<group>"; };
		7C06A3E61C8E7CA50089726C /* 3.js */ = {isa = PBXFileReference; fileEncoding = 4; lastKnownFileType = sourcecode.javascript; path = 3.js; sourceTree = "<group>"; };
		7C06A3E91C8E7F170089726C /* OCLoadJS.h */ = {isa = PBXFileReference; fileEncoding = 4; lastKnownFileType = sourcecode.c.h; path = OCLoadJS.h; sourceTree = "<group>"; };
		7C06A3EA1C8E7F170089726C /* OCLoadJS.m */ = {isa = PBXFileReference; fileEncoding = 4; lastKnownFileType = sourcecode.c.objc; path = OCLoadJS.m; sourceTree = "<group>"; };
		7C06A3EC1C8E7F270089726C /* JSLoadOC.h */ = {isa = PBXFileReference; fileEncoding = 4; lastKnownFileType = sourcecode.c.h; path = JSLoadOC.h; sourceTree = "<group>"; };
		7C06A3ED1C8E7F270089726C /* JSLoadOC.m */ = {isa = PBXFileReference; fileEncoding = 4; lastKnownFileType = sourcecode.c.objc; path = JSLoadOC.m; sourceTree = "<group>"; };
		7C06A3F11C8E99F80089726C /* JavaScriptCore.framework */ = {isa = PBXFileReference; lastKnownFileType = wrapper.framework; name = JavaScriptCore.framework; path = System/Library/PrivateFrameworks/JavaScriptCore.framework; sourceTree = SDKROOT; };
		7C06A3F61C8E9CDC0089726C /* JSObject.h */ = {isa = PBXFileReference; fileEncoding = 4; lastKnownFileType = sourcecode.c.h; path = JSObject.h; sourceTree = "<group>"; };
		7C06A3F71C8E9CDC0089726C /* JSObject.m */ = {isa = PBXFileReference; fileEncoding = 4; lastKnownFileType = sourcecode.c.objc; path = JSObject.m; sourceTree = "<group>"; };
/* End PBXFileReference section */

/* Begin PBXFrameworksBuildPhase section */
		7C06A3AC1C8E6A2F0089726C /* Frameworks */ = {
			isa = PBXFrameworksBuildPhase;
			buildActionMask = 2147483647;
			files = (
				7C06A3F21C8E99F80089726C /* JavaScriptCore.framework in Frameworks */,
			);
			runOnlyForDeploymentPostprocessing = 0;
		};
		7C06A3C51C8E6A2F0089726C /* Frameworks */ = {
			isa = PBXFrameworksBuildPhase;
			buildActionMask = 2147483647;
			files = (
			);
			runOnlyForDeploymentPostprocessing = 0;
		};
		7C06A3D01C8E6A2F0089726C /* Frameworks */ = {
			isa = PBXFrameworksBuildPhase;
			buildActionMask = 2147483647;
			files = (
			);
			runOnlyForDeploymentPostprocessing = 0;
		};
/* End PBXFrameworksBuildPhase section */

/* Begin PBXGroup section */
		7C06A3A61C8E6A2F0089726C = {
			isa = PBXGroup;
			children = (
				7C06A3F11C8E99F80089726C /* JavaScriptCore.framework */,
				7C06A3B11C8E6A2F0089726C /* UIKit_UIWebView */,
				7C06A3CB1C8E6A2F0089726C /* UIKit_UIWebViewTests */,
				7C06A3D61C8E6A2F0089726C /* UIKit_UIWebViewUITests */,
				7C06A3B01C8E6A2F0089726C /* Products */,
			);
			sourceTree = "<group>";
		};
		7C06A3B01C8E6A2F0089726C /* Products */ = {
			isa = PBXGroup;
			children = (
				7C06A3AF1C8E6A2F0089726C /* UIKit_UIWebView.app */,
				7C06A3C81C8E6A2F0089726C /* UIKit_UIWebViewTests.xctest */,
				7C06A3D31C8E6A2F0089726C /* UIKit_UIWebViewUITests.xctest */,
			);
			name = Products;
			sourceTree = "<group>";
		};
		7C06A3B11C8E6A2F0089726C /* UIKit_UIWebView */ = {
			isa = PBXGroup;
			children = (
				7C06A3E51C8E7CA50089726C /* 2.html */,
				7C06A3E61C8E7CA50089726C /* 3.js */,
				7C06A3B51C8E6A2F0089726C /* AppDelegate.h */,
				7C06A3B61C8E6A2F0089726C /* AppDelegate.m */,
				7C06A3B81C8E6A2F0089726C /* ViewController.h */,
				7C06A3B91C8E6A2F0089726C /* ViewController.m */,
				7C06A3E91C8E7F170089726C /* OCLoadJS.h */,
				7C06A3EA1C8E7F170089726C /* OCLoadJS.m */,
				7C06A3EC1C8E7F270089726C /* JSLoadOC.h */,
				7C06A3ED1C8E7F270089726C /* JSLoadOC.m */,
				7C06A3F61C8E9CDC0089726C /* JSObject.h */,
				7C06A3F71C8E9CDC0089726C /* JSObject.m */,
				7C06A3BB1C8E6A2F0089726C /* Main.storyboard */,
				7C06A3BE1C8E6A2F0089726C /* Assets.xcassets */,
				7C06A3C01C8E6A2F0089726C /* LaunchScreen.storyboard */,
				7C06A3C31C8E6A2F0089726C /* Info.plist */,
				7C06A3B21C8E6A2F0089726C /* Supporting Files */,
			);
			path = UIKit_UIWebView;
			sourceTree = "<group>";
		};
		7C06A3B21C8E6A2F0089726C /* Supporting Files */ = {
			isa = PBXGroup;
			children = (
				7C06A3B31C8E6A2F0089726C /* main.m */,
			);
			name = "Supporting Files";
			sourceTree = "<group>";
		};
		7C06A3CB1C8E6A2F0089726C /* UIKit_UIWebViewTests */ = {
			isa = PBXGroup;
			children = (
				7C06A3CC1C8E6A2F0089726C /* UIKit_UIWebViewTests.m */,
				7C06A3CE1C8E6A2F0089726C /* Info.plist */,
			);
			path = UIKit_UIWebViewTests;
			sourceTree = "<group>";
		};
		7C06A3D61C8E6A2F0089726C /* UIKit_UIWebViewUITests */ = {
			isa = PBXGroup;
			children = (
				7C06A3D71C8E6A2F0089726C /* UIKit_UIWebViewUITests.m */,
				7C06A3D91C8E6A2F0089726C /* Info.plist */,
			);
			path = UIKit_UIWebViewUITests;
			sourceTree = "<group>";
		};
/* End PBXGroup section */

/* Begin PBXNativeTarget section */
		7C06A3AE1C8E6A2F0089726C /* UIKit_UIWebView */ = {
			isa = PBXNativeTarget;
			buildConfigurationList = 7C06A3DC1C8E6A2F0089726C /* Build configuration list for PBXNativeTarget "UIKit_UIWebView" */;
			buildPhases = (
				7C06A3AB1C8E6A2F0089726C /* Sources */,
				7C06A3AC1C8E6A2F0089726C /* Frameworks */,
				7C06A3AD1C8E6A2F0089726C /* Resources */,
			);
			buildRules = (
			);
			dependencies = (
			);
			name = UIKit_UIWebView;
			productName = UIKit_UIWebView;
			productReference = 7C06A3AF1C8E6A2F0089726C /* UIKit_UIWebView.app */;
			productType = "com.apple.product-type.application";
		};
		7C06A3C71C8E6A2F0089726C /* UIKit_UIWebViewTests */ = {
			isa = PBXNativeTarget;
			buildConfigurationList = 7C06A3DF1C8E6A2F0089726C /* Build configuration list for PBXNativeTarget "UIKit_UIWebViewTests" */;
			buildPhases = (
				7C06A3C41C8E6A2F0089726C /* Sources */,
				7C06A3C51C8E6A2F0089726C /* Frameworks */,
				7C06A3C61C8E6A2F0089726C /* Resources */,
			);
			buildRules = (
			);
			dependencies = (
				7C06A3CA1C8E6A2F0089726C /* PBXTargetDependency */,
			);
			name = UIKit_UIWebViewTests;
			productName = UIKit_UIWebViewTests;
			productReference = 7C06A3C81C8E6A2F0089726C /* UIKit_UIWebViewTests.xctest */;
			productType = "com.apple.product-type.bundle.unit-test";
		};
		7C06A3D21C8E6A2F0089726C /* UIKit_UIWebViewUITests */ = {
			isa = PBXNativeTarget;
			buildConfigurationList = 7C06A3E21C8E6A2F0089726C /* Build configuration list for PBXNativeTarget "UIKit_UIWebViewUITests" */;
			buildPhases = (
				7C06A3CF1C8E6A2F0089726C /* Sources */,
				7C06A3D01C8E6A2F0089726C /* Frameworks */,
				7C06A3D11C8E6A2F0089726C /* Resources */,
			);
			buildRules = (
			);
			dependencies = (
				7C06A3D51C8E6A2F0089726C /* PBXTargetDependency */,
			);
			name = UIKit_UIWebViewUITests;
			productName = UIKit_UIWebViewUITests;
			productReference = 7C06A3D31C8E6A2F0089726C /* UIKit_UIWebViewUITests.xctest */;
			productType = "com.apple.product-type.bundle.ui-testing";
		};
/* End PBXNativeTarget section */

/* Begin PBXProject section */
		7C06A3A71C8E6A2F0089726C /* Project object */ = {
			isa = PBXProject;
			attributes = {
				LastUpgradeCheck = 0720;
				ORGANIZATIONNAME = oneyd.me;
				TargetAttributes = {
					7C06A3AE1C8E6A2F0089726C = {
						CreatedOnToolsVersion = 7.2.1;
					};
					7C06A3C71C8E6A2F0089726C = {
						CreatedOnToolsVersion = 7.2.1;
						TestTargetID = 7C06A3AE1C8E6A2F0089726C;
					};
					7C06A3D21C8E6A2F0089726C = {
						CreatedOnToolsVersion = 7.2.1;
						TestTargetID = 7C06A3AE1C8E6A2F0089726C;
					};
				};
			};
			buildConfigurationList = 7C06A3AA1C8E6A2F0089726C /* Build configuration list for PBXProject "UIKit_UIWebView" */;
			compatibilityVersion = "Xcode 3.2";
			developmentRegion = English;
			hasScannedForEncodings = 0;
			knownRegions = (
				en,
				Base,
			);
			mainGroup = 7C06A3A61C8E6A2F0089726C;
			productRefGroup = 7C06A3B01C8E6A2F0089726C /* Products */;
			projectDirPath = "";
			projectRoot = "";
			targets = (
				7C06A3AE1C8E6A2F0089726C /* UIKit_UIWebView */,
				7C06A3C71C8E6A2F0089726C /* UIKit_UIWebViewTests */,
				7C06A3D21C8E6A2F0089726C /* UIKit_UIWebViewUITests */,
			);
		};
/* End PBXProject section */

/* Begin PBXResourcesBuildPhase section */
		7C06A3AD1C8E6A2F0089726C /* Resources */ = {
			isa = PBXResourcesBuildPhase;
			buildActionMask = 2147483647;
			files = (
				7C06A3C21C8E6A2F0089726C /* LaunchScreen.storyboard in Resources */,
				7C06A3BF1C8E6A2F0089726C /* Assets.xcassets in Resources */,
				7C06A3BD1C8E6A2F0089726C /* Main.storyboard in Resources */,
				7C06A3E81C8E7CA50089726C /* 3.js in Resources */,
				7C06A3E71C8E7CA50089726C /* 2.html in Resources */,
			);
			runOnlyForDeploymentPostprocessing = 0;
		};
		7C06A3C61C8E6A2F0089726C /* Resources */ = {
			isa = PBXResourcesBuildPhase;
			buildActionMask = 2147483647;
			files = (
			);
			runOnlyForDeploymentPostprocessing = 0;
		};
		7C06A3D11C8E6A2F0089726C /* Resources */ = {
			isa = PBXResourcesBuildPhase;
			buildActionMask = 2147483647;
			files = (
			);
			runOnlyForDeploymentPostprocessing = 0;
		};
/* End PBXResourcesBuildPhase section */

/* Begin PBXSourcesBuildPhase section */
		7C06A3AB1C8E6A2F0089726C /* Sources */ = {
			isa = PBXSourcesBuildPhase;
			buildActionMask = 2147483647;
			files = (
				7C06A3EB1C8E7F170089726C /* OCLoadJS.m in Sources */,
				7C06A3EE1C8E7F270089726C /* JSLoadOC.m in Sources */,
				7C06A3BA1C8E6A2F0089726C /* ViewController.m in Sources */,
				7C06A3F81C8E9CDC0089726C /* JSObject.m in Sources */,
				7C06A3B71C8E6A2F0089726C /* AppDelegate.m in Sources */,
				7C06A3B41C8E6A2F0089726C /* main.m in Sources */,
			);
			runOnlyForDeploymentPostprocessing = 0;
		};
		7C06A3C41C8E6A2F0089726C /* Sources */ = {
			isa = PBXSourcesBuildPhase;
			buildActionMask = 2147483647;
			files = (
				7C06A3CD1C8E6A2F0089726C /* UIKit_UIWebViewTests.m in Sources */,
			);
			runOnlyForDeploymentPostprocessing = 0;
		};
		7C06A3CF1C8E6A2F0089726C /* Sources */ = {
			isa = PBXSourcesBuildPhase;
			buildActionMask = 2147483647;
			files = (
				7C06A3D81C8E6A2F0089726C /* UIKit_UIWebViewUITests.m in Sources */,
			);
			runOnlyForDeploymentPostprocessing = 0;
		};
/* End PBXSourcesBuildPhase section */

/* Begin PBXTargetDependency section */
		7C06A3CA1C8E6A2F0089726C /* PBXTargetDependency */ = {
			isa = PBXTargetDependency;
			target = 7C06A3AE1C8E6A2F0089726C /* UIKit_UIWebView */;
			targetProxy = 7C06A3C91C8E6A2F0089726C /* PBXContainerItemProxy */;
		};
		7C06A3D51C8E6A2F0089726C /* PBXTargetDependency */ = {
			isa = PBXTargetDependency;
			target = 7C06A3AE1C8E6A2F0089726C /* UIKit_UIWebView */;
			targetProxy = 7C06A3D41C8E6A2F0089726C /* PBXContainerItemProxy */;
		};
/* End PBXTargetDependency section */

/* Begin PBXVariantGroup section */
		7C06A3BB1C8E6A2F0089726C /* Main.storyboard */ = {
			isa = PBXVariantGroup;
			children = (
				7C06A3BC1C8E6A2F0089726C /* Base */,
			);
			name = Main.storyboard;
			sourceTree = "<group>";
		};
		7C06A3C01C8E6A2F0089726C /* LaunchScreen.storyboard */ = {
			isa = PBXVariantGroup;
			children = (
				7C06A3C11C8E6A2F0089726C /* Base */,
			);
			name = LaunchScreen.storyboard;
			sourceTree = "<group>";
		};
/* End PBXVariantGroup section */

/* Begin XCBuildConfiguration section */
		7C06A3DA1C8E6A2F0089726C /* Debug */ = {
			isa = XCBuildConfiguration;
			buildSettings = {
				ALWAYS_SEARCH_USER_PATHS = NO;
				CLANG_CXX_LANGUAGE_STANDARD = "gnu++0x";
				CLANG_CXX_LIBRARY = "libc++";
				CLANG_ENABLE_MODULES = YES;
				CLANG_ENABLE_OBJC_ARC = YES;
				CLANG_WARN_BOOL_CONVERSION = YES;
				CLANG_WARN_CONSTANT_CONVERSION = YES;
				CLANG_WARN_DIRECT_OBJC_ISA_USAGE = YES_ERROR;
				CLANG_WARN_EMPTY_BODY = YES;
				CLANG_WARN_ENUM_CONVERSION = YES;
				CLANG_WARN_INT_CONVERSION = YES;
				CLANG_WARN_OBJC_ROOT_CLASS = YES_ERROR;
				CLANG_WARN_UNREACHABLE_CODE = YES;
				CLANG_WARN__DUPLICATE_METHOD_MATCH = YES;
				"CODE_SIGN_IDENTITY[sdk=iphoneos*]" = "iPhone Developer";
				COPY_PHASE_STRIP = NO;
				DEBUG_INFORMATION_FORMAT = dwarf;
				ENABLE_STRICT_OBJC_MSGSEND = YES;
				ENABLE_TESTABILITY = YES;
				GCC_C_LANGUAGE_STANDARD = gnu99;
				GCC_DYNAMIC_NO_PIC = NO;
				GCC_NO_COMMON_BLOCKS = YES;
				GCC_OPTIMIZATION_LEVEL = 0;
				GCC_PREPROCESSOR_DEFINITIONS = (
					"DEBUG=1",
					"$(inherited)",
				);
				GCC_WARN_64_TO_32_BIT_CONVERSION = YES;
				GCC_WARN_ABOUT_RETURN_TYPE = YES_ERROR;
				GCC_WARN_UNDECLARED_SELECTOR = YES;
				GCC_WARN_UNINITIALIZED_AUTOS = YES_AGGRESSIVE;
				GCC_WARN_UNUSED_FUNCTION = YES;
				GCC_WARN_UNUSED_VARIABLE = YES;
				IPHONEOS_DEPLOYMENT_TARGET = 9.2;
				MTL_ENABLE_DEBUG_INFO = YES;
				ONLY_ACTIVE_ARCH = YES;
				SDKROOT = iphoneos;
				TARGETED_DEVICE_FAMILY = "1,2";
			};
			name = Debug;
		};
		7C06A3DB1C8E6A2F0089726C /* Release */ = {
			isa = XCBuildConfiguration;
			buildSettings = {
				ALWAYS_SEARCH_USER_PATHS = NO;
				CLANG_CXX_LANGUAGE_STANDARD = "gnu++0x";
				CLANG_CXX_LIBRARY = "libc++";
				CLANG_ENABLE_MODULES = YES;
				CLANG_ENABLE_OBJC_ARC = YES;
				CLANG_WARN_BOOL_CONVERSION = YES;
				CLANG_WARN_CONSTANT_CONVERSION = YES;
				CLANG_WARN_DIRECT_OBJC_ISA_USAGE = YES_ERROR;
				CLANG_WARN_EMPTY_BODY = YES;
				CLANG_WARN_ENUM_CONVERSION = YES;
				CLANG_WARN_INT_CONVERSION = YES;
				CLANG_WARN_OBJC_ROOT_CLASS = YES_ERROR;
				CLANG_WARN_UNREACHABLE_CODE = YES;
				CLANG_WARN__DUPLICATE_METHOD_MATCH = YES;
				"CODE_SIGN_IDENTITY[sdk=iphoneos*]" = "iPhone Developer";
				COPY_PHASE_STRIP = NO;
				DEBUG_INFORMATION_FORMAT = "dwarf-with-dsym";
				ENABLE_NS_ASSERTIONS = NO;
				ENABLE_STRICT_OBJC_MSGSEND = YES;
				GCC_C_LANGUAGE_STANDARD = gnu99;
				GCC_NO_COMMON_BLOCKS = YES;
				GCC_WARN_64_TO_32_BIT_CONVERSION = YES;
				GCC_WARN_ABOUT_RETURN_TYPE = YES_ERROR;
				GCC_WARN_UNDECLARED_SELECTOR = YES;
				GCC_WARN_UNINITIALIZED_AUTOS = YES_AGGRESSIVE;
				GCC_WARN_UNUSED_FUNCTION = YES;
				GCC_WARN_UNUSED_VARIABLE = YES;
				IPHONEOS_DEPLOYMENT_TARGET = 9.2;
				MTL_ENABLE_DEBUG_INFO = NO;
				SDKROOT = iphoneos;
				TARGETED_DEVICE_FAMILY = "1,2";
				VALIDATE_PRODUCT = YES;
			};
			name = Release;
		};
		7C06A3DD1C8E6A2F0089726C /* Debug */ = {
			isa = XCBuildConfiguration;
			buildSettings = {
				ASSETCATALOG_COMPILER_APPICON_NAME = AppIcon;
				FRAMEWORK_SEARCH_PATHS = (
					"$(inherited)",
					"$(SDKROOT)$(SYSTEM_LIBRARY_DIR)/PrivateFrameworks",
				);
				INFOPLIST_FILE = UIKit_UIWebView/Info.plist;
				LD_RUNPATH_SEARCH_PATHS = "$(inherited) @executable_path/Frameworks";
				PRODUCT_BUNDLE_IDENTIFIER = "oneyd.me.UIKit-UIWebView";
				PRODUCT_NAME = "$(TARGET_NAME)";
			};
			name = Debug;
		};
		7C06A3DE1C8E6A2F0089726C /* Release */ = {
			isa = XCBuildConfiguration;
			buildSettings = {
				ASSETCATALOG_COMPILER_APPICON_NAME = AppIcon;
				FRAMEWORK_SEARCH_PATHS = (
					"$(inherited)",
					"$(SDKROOT)$(SYSTEM_LIBRARY_DIR)/PrivateFrameworks",
				);
				INFOPLIST_FILE = UIKit_UIWebView/Info.plist;
				LD_RUNPATH_SEARCH_PATHS = "$(inherited) @executable_path/Frameworks";
				PRODUCT_BUNDLE_IDENTIFIER = "oneyd.me.UIKit-UIWebView";
				PRODUCT_NAME = "$(TARGET_NAME)";
			};
			name = Release;
		};
		7C06A3E01C8E6A2F0089726C /* Debug */ = {
			isa = XCBuildConfiguration;
			buildSettings = {
				BUNDLE_LOADER = "$(TEST_HOST)";
				INFOPLIST_FILE = UIKit_UIWebViewTests/Info.plist;
				LD_RUNPATH_SEARCH_PATHS = "$(inherited) @executable_path/Frameworks @loader_path/Frameworks";
				PRODUCT_BUNDLE_IDENTIFIER = "oneyd.me.UIKit-UIWebViewTests";
				PRODUCT_NAME = "$(TARGET_NAME)";
				TEST_HOST = "$(BUILT_PRODUCTS_DIR)/UIKit_UIWebView.app/UIKit_UIWebView";
			};
			name = Debug;
		};
		7C06A3E11C8E6A2F0089726C /* Release */ = {
			isa = XCBuildConfiguration;
			buildSettings = {
				BUNDLE_LOADER = "$(TEST_HOST)";
				INFOPLIST_FILE = UIKit_UIWebViewTests/Info.plist;
				LD_RUNPATH_SEARCH_PATHS = "$(inherited) @executable_path/Frameworks @loader_path/Frameworks";
				PRODUCT_BUNDLE_IDENTIFIER = "oneyd.me.UIKit-UIWebViewTests";
				PRODUCT_NAME = "$(TARGET_NAME)";
				TEST_HOST = "$(BUILT_PRODUCTS_DIR)/UIKit_UIWebView.app/UIKit_UIWebView";
			};
			name = Release;
		};
		7C06A3E31C8E6A2F0089726C /* Debug */ = {
			isa = XCBuildConfiguration;
			buildSettings = {
				INFOPLIST_FILE = UIKit_UIWebViewUITests/Info.plist;
				LD_RUNPATH_SEARCH_PATHS = "$(inherited) @executable_path/Frameworks @loader_path/Frameworks";
				PRODUCT_BUNDLE_IDENTIFIER = "oneyd.me.UIKit-UIWebViewUITests";
				PRODUCT_NAME = "$(TARGET_NAME)";
				TEST_TARGET_NAME = UIKit_UIWebView;
				USES_XCTRUNNER = YES;
			};
			name = Debug;
		};
		7C06A3E41C8E6A2F0089726C /* Release */ = {
			isa = XCBuildConfiguration;
			buildSettings = {
				INFOPLIST_FILE = UIKit_UIWebViewUITests/Info.plist;
				LD_RUNPATH_SEARCH_PATHS = "$(inherited) @executable_path/Frameworks @loader_path/Frameworks";
				PRODUCT_BUNDLE_IDENTIFIER = "oneyd.me.UIKit-UIWebViewUITests";
				PRODUCT_NAME = "$(TARGET_NAME)";
				TEST_TARGET_NAME = UIKit_UIWebView;
				USES_XCTRUNNER = YES;
			};
			name = Release;
		};
/* End XCBuildConfiguration section */

/* Begin XCConfigurationList section */
		7C06A3AA1C8E6A2F0089726C /* Build configuration list for PBXProject "UIKit_UIWebView" */ = {
			isa = XCConfigurationList;
			buildConfigurations = (
				7C06A3DA1C8E6A2F0089726C /* Debug */,
				7C06A3DB1C8E6A2F0089726C /* Release */,
			);
			defaultConfigurationIsVisible = 0;
			defaultConfigurationName = Release;
		};
		7C06A3DC1C8E6A2F0089726C /* Build configuration list for PBXNativeTarget "UIKit_UIWebView" */ = {
			isa = XCConfigurationList;
			buildConfigurations = (
				7C06A3DD1C8E6A2F0089726C /* Debug */,
				7C06A3DE1C8E6A2F0089726C /* Release */,
			);
			defaultConfigurationIsVisible = 0;
		};
		7C06A3DF1C8E6A2F0089726C /* Build configuration list for PBXNativeTarget "UIKit_UIWebViewTests" */ = {
			isa = XCConfigurationList;
			buildConfigurations = (
				7C06A3E01C8E6A2F0089726C /* Debug */,
				7C06A3E11C8E6A2F0089726C /* Release */,
			);
			defaultConfigurationIsVisible = 0;
		};
		7C06A3E21C8E6A2F0089726C /* Build configuration list for PBXNativeTarget "UIKit_UIWebViewUITests" */ = {
			isa = XCConfigurationList;
			buildConfigurations = (
				7C06A3E31C8E6A2F0089726C /* Debug */,
				7C06A3E41C8E6A2F0089726C /* Release */,
			);
			defaultConfigurationIsVisible = 0;
		};
/* End XCConfigurationList section */
	};
	rootObject = 7C06A3A71C8E6A2F0089726C /* Project object */;
}
